// !$*UTF8*$!
{
	archiveVersion = 1;
	classes = {
	};
	objectVersion = 48;
	objects = {

/* Begin PBXBuildFile section */
		1722272E1FCF5C710027C22E /* Explore.storyboard in Resources */ = {isa = PBXBuildFile; fileRef = 1722272D1FCF5C710027C22E /* Explore.storyboard */; };
		172227301FCF6DF30027C22E /* ExploreViewController.swift in Sources */ = {isa = PBXBuildFile; fileRef = 1722272F1FCF6DF30027C22E /* ExploreViewController.swift */; };
		1E484DEC1F85AB40000DEB04 /* AppDelegate.swift in Sources */ = {isa = PBXBuildFile; fileRef = 1E484DEB1F85AB40000DEB04 /* AppDelegate.swift */; };
		1E484DEE1F85AB40000DEB04 /* LoginViewController.swift in Sources */ = {isa = PBXBuildFile; fileRef = 1E484DED1F85AB40000DEB04 /* LoginViewController.swift */; };
		1E484DF11F85AB40000DEB04 /* Main.storyboard in Resources */ = {isa = PBXBuildFile; fileRef = 1E484DEF1F85AB40000DEB04 /* Main.storyboard */; };
		1E484DF31F85AB40000DEB04 /* Assets.xcassets in Resources */ = {isa = PBXBuildFile; fileRef = 1E484DF21F85AB40000DEB04 /* Assets.xcassets */; };
		1E484DF61F85AB40000DEB04 /* LaunchScreen.storyboard in Resources */ = {isa = PBXBuildFile; fileRef = 1E484DF41F85AB40000DEB04 /* LaunchScreen.storyboard */; };
		1E484E011F85AB40000DEB04 /* GitFitTests.swift in Sources */ = {isa = PBXBuildFile; fileRef = 1E484E001F85AB40000DEB04 /* GitFitTests.swift */; };
		1E484E0C1F85AB40000DEB04 /* GitFitUITests.swift in Sources */ = {isa = PBXBuildFile; fileRef = 1E484E0B1F85AB40000DEB04 /* GitFitUITests.swift */; };
		932C94F51FBB7C5300BF5BBD /* Create.storyboard in Resources */ = {isa = PBXBuildFile; fileRef = 932C94F41FBB7C5300BF5BBD /* Create.storyboard */; };
		932C94F71FBB803C00BF5BBD /* CreateTableViewController.swift in Sources */ = {isa = PBXBuildFile; fileRef = 932C94F61FBB803C00BF5BBD /* CreateTableViewController.swift */; };
		93358FDD1FA6823D0091278D /* EditProfileViewController.swift in Sources */ = {isa = PBXBuildFile; fileRef = 93358FDC1FA6823D0091278D /* EditProfileViewController.swift */; };
		933F1A5B1FA7D74700C2857D /* Profile.storyboard in Resources */ = {isa = PBXBuildFile; fileRef = 933F1A5A1FA7D74700C2857D /* Profile.storyboard */; };
		935045ED1FC3AFDE007B83B5 /* DataModel.swift in Sources */ = {isa = PBXBuildFile; fileRef = 935045EC1FC3AFDE007B83B5 /* DataModel.swift */; };
		935FCD701FA9740F00DECA6D /* WorkoutTableViewController.swift in Sources */ = {isa = PBXBuildFile; fileRef = 935FCD6F1FA9740F00DECA6D /* WorkoutTableViewController.swift */; };
		9376D4DB1FBFDBFA00B68F3B /* FitPicker.swift in Sources */ = {isa = PBXBuildFile; fileRef = 9376D4DA1FBFDBFA00B68F3B /* FitPicker.swift */; };
		93898E201FBFF55E00CB6B0C /* CreateModel.swift in Sources */ = {isa = PBXBuildFile; fileRef = 93898E1F1FBFF55E00CB6B0C /* CreateModel.swift */; };
		93898E221FBFF69600CB6B0C /* Exercises.swift in Sources */ = {isa = PBXBuildFile; fileRef = 93898E211FBFF69600CB6B0C /* Exercises.swift */; };
		939286061FB94A470020EBB1 /* ExerciseViewController.swift in Sources */ = {isa = PBXBuildFile; fileRef = 939286051FB94A470020EBB1 /* ExerciseViewController.swift */; };
		93A457C51FAC12C6003D9A61 /* FitTextField.swift in Sources */ = {isa = PBXBuildFile; fileRef = 93A457C41FAC12C6003D9A61 /* FitTextField.swift */; };
		93AF72B11FC0F165007EC1E2 /* CreatorModel.swift in Sources */ = {isa = PBXBuildFile; fileRef = 93AF72B01FC0F165007EC1E2 /* CreatorModel.swift */; };
		93B02AA31FDA012E0073A4EF /* StatModel.swift in Sources */ = {isa = PBXBuildFile; fileRef = 93B02AA21FDA012E0073A4EF /* StatModel.swift */; };
		93B164901FAFEC18004DBDF8 /* RatingModel.swift in Sources */ = {isa = PBXBuildFile; fileRef = 93B1648F1FAFEC18004DBDF8 /* RatingModel.swift */; };
		93BDDE981FA9616600D2FB68 /* WorkoutDescriptions.swift in Sources */ = {isa = PBXBuildFile; fileRef = 93BDDE971FA9616600D2FB68 /* WorkoutDescriptions.swift */; };
		93BDDE9A1FA963BF00D2FB68 /* WorkoutDescriptionModel.swift in Sources */ = {isa = PBXBuildFile; fileRef = 93BDDE991FA963BF00D2FB68 /* WorkoutDescriptionModel.swift */; };
		93D8FFE21FCF48280013809A /* ExerciseProfileViewController.swift in Sources */ = {isa = PBXBuildFile; fileRef = 93D8FFE11FCF48280013809A /* ExerciseProfileViewController.swift */; };
		93E631E21FBA7D4A00036BDA /* ImageModel.swift in Sources */ = {isa = PBXBuildFile; fileRef = 93E631E11FBA7D4A00036BDA /* ImageModel.swift */; };
		93E7F3441FB0E4B400BDE950 /* Favorites.storyboard in Resources */ = {isa = PBXBuildFile; fileRef = 93E7F3431FB0E4B400BDE950 /* Favorites.storyboard */; };
		93E7F3461FB0E57200BDE950 /* FavoritesTableViewController.swift in Sources */ = {isa = PBXBuildFile; fileRef = 93E7F3451FB0E57200BDE950 /* FavoritesTableViewController.swift */; };
		93E7F3481FB0E6CD00BDE950 /* FavoriteModel.swift in Sources */ = {isa = PBXBuildFile; fileRef = 93E7F3471FB0E6CD00BDE950 /* FavoriteModel.swift */; };
		93E7F34B1FB13BD300BDE950 /* Exercise.storyboard in Resources */ = {isa = PBXBuildFile; fileRef = 93E7F34A1FB13BD300BDE950 /* Exercise.storyboard */; };
		93F5A4821FAB8A0800704CE0 /* Globals.swift in Sources */ = {isa = PBXBuildFile; fileRef = 93F5A4811FAB8A0800704CE0 /* Globals.swift */; };
		C64169061FAA68E4006D847D /* ExercisesTableViewController.swift in Sources */ = {isa = PBXBuildFile; fileRef = C64169051FAA68E4006D847D /* ExercisesTableViewController.swift */; };
		C64169081FAA6C3A006D847D /* ExerciseOrder.swift in Sources */ = {isa = PBXBuildFile; fileRef = C64169071FAA6C3A006D847D /* ExerciseOrder.swift */; };
		C641690A1FAA7251006D847D /* ExerciseOrderModel.swift in Sources */ = {isa = PBXBuildFile; fileRef = C64169091FAA7251006D847D /* ExerciseOrderModel.swift */; };
		C672F7E41FA92B75009FC588 /* ChangePasswordModel.swift in Sources */ = {isa = PBXBuildFile; fileRef = C672F7E31FA92B75009FC588 /* ChangePasswordModel.swift */; };
		C68336561F8C0B6F00E6134D /* RegisterViewController.swift in Sources */ = {isa = PBXBuildFile; fileRef = C68336551F8C0B6F00E6134D /* RegisterViewController.swift */; };
		C68336581F8C0B8200E6134D /* ProfileViewController.swift in Sources */ = {isa = PBXBuildFile; fileRef = C68336571F8C0B8200E6134D /* ProfileViewController.swift */; };
		C683365C1F8C122400E6134D /* LoginModel.swift in Sources */ = {isa = PBXBuildFile; fileRef = C683365B1F8C122400E6134D /* LoginModel.swift */; };
		C683365E1F8C190500E6134D /* Profile.swift in Sources */ = {isa = PBXBuildFile; fileRef = C683365D1F8C190500E6134D /* Profile.swift */; };
		C6BAD5561FBB99F300AAE9AA /* NewExerciseViewController.swift in Sources */ = {isa = PBXBuildFile; fileRef = C6BAD5551FBB99F300AAE9AA /* NewExerciseViewController.swift */; };
		C6C9AC191FA91AC300F3F762 /* WorkoutList.storyboard in Resources */ = {isa = PBXBuildFile; fileRef = C6C9AC181FA91AC300F3F762 /* WorkoutList.storyboard */; };
		C6C9AC1D1FA928C800F3F762 /* ChangePasswordViewController.swift in Sources */ = {isa = PBXBuildFile; fileRef = C6C9AC1C1FA928C800F3F762 /* ChangePasswordViewController.swift */; };
		C6F9BDD71F96A385001F5077 /* RegisterModel.swift in Sources */ = {isa = PBXBuildFile; fileRef = C6F9BDD61F96A385001F5077 /* RegisterModel.swift */; };
/* End PBXBuildFile section */

/* Begin PBXContainerItemProxy section */
		1E484DFD1F85AB40000DEB04 /* PBXContainerItemProxy */ = {
			isa = PBXContainerItemProxy;
			containerPortal = 1E484DE01F85AB40000DEB04 /* Project object */;
			proxyType = 1;
			remoteGlobalIDString = 1E484DE71F85AB40000DEB04;
			remoteInfo = GitFit;
		};
		1E484E081F85AB40000DEB04 /* PBXContainerItemProxy */ = {
			isa = PBXContainerItemProxy;
			containerPortal = 1E484DE01F85AB40000DEB04 /* Project object */;
			proxyType = 1;
			remoteGlobalIDString = 1E484DE71F85AB40000DEB04;
			remoteInfo = GitFit;
		};
/* End PBXContainerItemProxy section */

/* Begin PBXFileReference section */
		1722272D1FCF5C710027C22E /* Explore.storyboard */ = {isa = PBXFileReference; lastKnownFileType = file.storyboard; path = Explore.storyboard; sourceTree = "<group>"; };
		1722272F1FCF6DF30027C22E /* ExploreViewController.swift */ = {isa = PBXFileReference; lastKnownFileType = sourcecode.swift; path = ExploreViewController.swift; sourceTree = "<group>"; };
		1E484DE81F85AB40000DEB04 /* GitFit.app */ = {isa = PBXFileReference; explicitFileType = wrapper.application; includeInIndex = 0; path = GitFit.app; sourceTree = BUILT_PRODUCTS_DIR; };
		1E484DEB1F85AB40000DEB04 /* AppDelegate.swift */ = {isa = PBXFileReference; lastKnownFileType = sourcecode.swift; path = AppDelegate.swift; sourceTree = "<group>"; };
		1E484DED1F85AB40000DEB04 /* LoginViewController.swift */ = {isa = PBXFileReference; lastKnownFileType = sourcecode.swift; path = LoginViewController.swift; sourceTree = "<group>"; };
		1E484DF01F85AB40000DEB04 /* Base */ = {isa = PBXFileReference; lastKnownFileType = file.storyboard; name = Base; path = Base.lproj/Main.storyboard; sourceTree = "<group>"; };
		1E484DF21F85AB40000DEB04 /* Assets.xcassets */ = {isa = PBXFileReference; lastKnownFileType = folder.assetcatalog; path = Assets.xcassets; sourceTree = "<group>"; };
		1E484DF51F85AB40000DEB04 /* Base */ = {isa = PBXFileReference; lastKnownFileType = file.storyboard; name = Base; path = Base.lproj/LaunchScreen.storyboard; sourceTree = "<group>"; };
		1E484DF71F85AB40000DEB04 /* Info.plist */ = {isa = PBXFileReference; lastKnownFileType = text.plist.xml; path = Info.plist; sourceTree = "<group>"; };
		1E484DFC1F85AB40000DEB04 /* GitFitTests.xctest */ = {isa = PBXFileReference; explicitFileType = wrapper.cfbundle; includeInIndex = 0; path = GitFitTests.xctest; sourceTree = BUILT_PRODUCTS_DIR; };
		1E484E001F85AB40000DEB04 /* GitFitTests.swift */ = {isa = PBXFileReference; lastKnownFileType = sourcecode.swift; path = GitFitTests.swift; sourceTree = "<group>"; };
		1E484E021F85AB40000DEB04 /* Info.plist */ = {isa = PBXFileReference; lastKnownFileType = text.plist.xml; path = Info.plist; sourceTree = "<group>"; };
		1E484E071F85AB40000DEB04 /* GitFitUITests.xctest */ = {isa = PBXFileReference; explicitFileType = wrapper.cfbundle; includeInIndex = 0; path = GitFitUITests.xctest; sourceTree = BUILT_PRODUCTS_DIR; };
		1E484E0B1F85AB40000DEB04 /* GitFitUITests.swift */ = {isa = PBXFileReference; lastKnownFileType = sourcecode.swift; path = GitFitUITests.swift; sourceTree = "<group>"; };
		1E484E0D1F85AB40000DEB04 /* Info.plist */ = {isa = PBXFileReference; lastKnownFileType = text.plist.xml; path = Info.plist; sourceTree = "<group>"; };
		932C94F41FBB7C5300BF5BBD /* Create.storyboard */ = {isa = PBXFileReference; lastKnownFileType = file.storyboard; path = Create.storyboard; sourceTree = "<group>"; };
		932C94F61FBB803C00BF5BBD /* CreateTableViewController.swift */ = {isa = PBXFileReference; lastKnownFileType = sourcecode.swift; path = CreateTableViewController.swift; sourceTree = "<group>"; };
		93358FDC1FA6823D0091278D /* EditProfileViewController.swift */ = {isa = PBXFileReference; lastKnownFileType = sourcecode.swift; path = EditProfileViewController.swift; sourceTree = "<group>"; };
		933F1A5A1FA7D74700C2857D /* Profile.storyboard */ = {isa = PBXFileReference; lastKnownFileType = file.storyboard; path = Profile.storyboard; sourceTree = "<group>"; };
		935045EC1FC3AFDE007B83B5 /* DataModel.swift */ = {isa = PBXFileReference; lastKnownFileType = sourcecode.swift; path = DataModel.swift; sourceTree = "<group>"; };
		935FCD6F1FA9740F00DECA6D /* WorkoutTableViewController.swift */ = {isa = PBXFileReference; lastKnownFileType = sourcecode.swift; path = WorkoutTableViewController.swift; sourceTree = "<group>"; };
		9376D4DA1FBFDBFA00B68F3B /* FitPicker.swift */ = {isa = PBXFileReference; lastKnownFileType = sourcecode.swift; path = FitPicker.swift; sourceTree = "<group>"; };
		93898E1F1FBFF55E00CB6B0C /* CreateModel.swift */ = {isa = PBXFileReference; lastKnownFileType = sourcecode.swift; path = CreateModel.swift; sourceTree = "<group>"; };
		93898E211FBFF69600CB6B0C /* Exercises.swift */ = {isa = PBXFileReference; lastKnownFileType = sourcecode.swift; path = Exercises.swift; sourceTree = "<group>"; };
		939286051FB94A470020EBB1 /* ExerciseViewController.swift */ = {isa = PBXFileReference; lastKnownFileType = sourcecode.swift; path = ExerciseViewController.swift; sourceTree = "<group>"; };
		93A457C41FAC12C6003D9A61 /* FitTextField.swift */ = {isa = PBXFileReference; lastKnownFileType = sourcecode.swift; path = FitTextField.swift; sourceTree = "<group>"; };
		93AF72B01FC0F165007EC1E2 /* CreatorModel.swift */ = {isa = PBXFileReference; lastKnownFileType = sourcecode.swift; path = CreatorModel.swift; sourceTree = "<group>"; };
		93B02AA21FDA012E0073A4EF /* StatModel.swift */ = {isa = PBXFileReference; lastKnownFileType = sourcecode.swift; path = StatModel.swift; sourceTree = "<group>"; };
		93B1648F1FAFEC18004DBDF8 /* RatingModel.swift */ = {isa = PBXFileReference; lastKnownFileType = sourcecode.swift; path = RatingModel.swift; sourceTree = "<group>"; };
		93BDDE971FA9616600D2FB68 /* WorkoutDescriptions.swift */ = {isa = PBXFileReference; lastKnownFileType = sourcecode.swift; path = WorkoutDescriptions.swift; sourceTree = "<group>"; };
		93BDDE991FA963BF00D2FB68 /* WorkoutDescriptionModel.swift */ = {isa = PBXFileReference; lastKnownFileType = sourcecode.swift; path = WorkoutDescriptionModel.swift; sourceTree = "<group>"; };
		93D8FFE11FCF48280013809A /* ExerciseProfileViewController.swift */ = {isa = PBXFileReference; lastKnownFileType = sourcecode.swift; path = ExerciseProfileViewController.swift; sourceTree = "<group>"; };
		93E631E11FBA7D4A00036BDA /* ImageModel.swift */ = {isa = PBXFileReference; lastKnownFileType = sourcecode.swift; path = ImageModel.swift; sourceTree = "<group>"; };
		93E7F3431FB0E4B400BDE950 /* Favorites.storyboard */ = {isa = PBXFileReference; lastKnownFileType = file.storyboard; path = Favorites.storyboard; sourceTree = "<group>"; };
		93E7F3451FB0E57200BDE950 /* FavoritesTableViewController.swift */ = {isa = PBXFileReference; lastKnownFileType = sourcecode.swift; path = FavoritesTableViewController.swift; sourceTree = "<group>"; };
		93E7F3471FB0E6CD00BDE950 /* FavoriteModel.swift */ = {isa = PBXFileReference; lastKnownFileType = sourcecode.swift; path = FavoriteModel.swift; sourceTree = "<group>"; };
		93E7F34A1FB13BD300BDE950 /* Exercise.storyboard */ = {isa = PBXFileReference; lastKnownFileType = file.storyboard; path = Exercise.storyboard; sourceTree = "<group>"; };
		93F5A4811FAB8A0800704CE0 /* Globals.swift */ = {isa = PBXFileReference; lastKnownFileType = sourcecode.swift; path = Globals.swift; sourceTree = "<group>"; };
		C64169051FAA68E4006D847D /* ExercisesTableViewController.swift */ = {isa = PBXFileReference; lastKnownFileType = sourcecode.swift; path = ExercisesTableViewController.swift; sourceTree = "<group>"; };
		C64169071FAA6C3A006D847D /* ExerciseOrder.swift */ = {isa = PBXFileReference; lastKnownFileType = sourcecode.swift; path = ExerciseOrder.swift; sourceTree = "<group>"; };
		C64169091FAA7251006D847D /* ExerciseOrderModel.swift */ = {isa = PBXFileReference; lastKnownFileType = sourcecode.swift; path = ExerciseOrderModel.swift; sourceTree = "<group>"; };
		C672F7E31FA92B75009FC588 /* ChangePasswordModel.swift */ = {isa = PBXFileReference; lastKnownFileType = sourcecode.swift; path = ChangePasswordModel.swift; sourceTree = "<group>"; };
		C68336551F8C0B6F00E6134D /* RegisterViewController.swift */ = {isa = PBXFileReference; lastKnownFileType = sourcecode.swift; path = RegisterViewController.swift; sourceTree = "<group>"; };
		C68336571F8C0B8200E6134D /* ProfileViewController.swift */ = {isa = PBXFileReference; lastKnownFileType = sourcecode.swift; path = ProfileViewController.swift; sourceTree = "<group>"; };
		C683365B1F8C122400E6134D /* LoginModel.swift */ = {isa = PBXFileReference; lastKnownFileType = sourcecode.swift; path = LoginModel.swift; sourceTree = "<group>"; };
		C683365D1F8C190500E6134D /* Profile.swift */ = {isa = PBXFileReference; lastKnownFileType = sourcecode.swift; path = Profile.swift; sourceTree = "<group>"; };
		C6BAD5551FBB99F300AAE9AA /* NewExerciseViewController.swift */ = {isa = PBXFileReference; lastKnownFileType = sourcecode.swift; path = NewExerciseViewController.swift; sourceTree = "<group>"; };
		C6C9AC181FA91AC300F3F762 /* WorkoutList.storyboard */ = {isa = PBXFileReference; lastKnownFileType = file.storyboard; path = WorkoutList.storyboard; sourceTree = "<group>"; };
		C6C9AC1C1FA928C800F3F762 /* ChangePasswordViewController.swift */ = {isa = PBXFileReference; lastKnownFileType = sourcecode.swift; path = ChangePasswordViewController.swift; sourceTree = "<group>"; };
		C6F9BDD61F96A385001F5077 /* RegisterModel.swift */ = {isa = PBXFileReference; lastKnownFileType = sourcecode.swift; path = RegisterModel.swift; sourceTree = "<group>"; };
/* End PBXFileReference section */

/* Begin PBXFrameworksBuildPhase section */
		1E484DE51F85AB40000DEB04 /* Frameworks */ = {
			isa = PBXFrameworksBuildPhase;
			buildActionMask = 2147483647;
			files = (
			);
			runOnlyForDeploymentPostprocessing = 0;
		};
		1E484DF91F85AB40000DEB04 /* Frameworks */ = {
			isa = PBXFrameworksBuildPhase;
			buildActionMask = 2147483647;
			files = (
			);
			runOnlyForDeploymentPostprocessing = 0;
		};
		1E484E041F85AB40000DEB04 /* Frameworks */ = {
			isa = PBXFrameworksBuildPhase;
			buildActionMask = 2147483647;
			files = (
			);
			runOnlyForDeploymentPostprocessing = 0;
		};
/* End PBXFrameworksBuildPhase section */

/* Begin PBXGroup section */
		1722272C1FCF5C310027C22E /* Explore */ = {
			isa = PBXGroup;
			children = (
				1722272D1FCF5C710027C22E /* Explore.storyboard */,
				1722272F1FCF6DF30027C22E /* ExploreViewController.swift */,
			);
			path = Explore;
			sourceTree = "<group>";
		};
		1E484DDF1F85AB40000DEB04 = {
			isa = PBXGroup;
			children = (
				1E484DEA1F85AB40000DEB04 /* GitFit */,
				1E484DFF1F85AB40000DEB04 /* GitFitTests */,
				1E484E0A1F85AB40000DEB04 /* GitFitUITests */,
				1E484DE91F85AB40000DEB04 /* Products */,
			);
			sourceTree = "<group>";
		};
		1E484DE91F85AB40000DEB04 /* Products */ = {
			isa = PBXGroup;
			children = (
				1E484DE81F85AB40000DEB04 /* GitFit.app */,
				1E484DFC1F85AB40000DEB04 /* GitFitTests.xctest */,
				1E484E071F85AB40000DEB04 /* GitFitUITests.xctest */,
			);
			name = Products;
			sourceTree = "<group>";
		};
		1E484DEA1F85AB40000DEB04 /* GitFit */ = {
			isa = PBXGroup;
			children = (
				1722272C1FCF5C310027C22E /* Explore */,
				932C94F31FBB7C3400BF5BBD /* Create */,
				93E7F3491FB13BAD00BDE950 /* Exercise */,
				93E7F3421FB0E48D00BDE950 /* Favorites */,
				C6C9AC171FA91AAC00F3F762 /* WorkoutList */,
				933F1A5D1FA7D86100C2857D /* LoginRegister */,
				933F1A591FA7D72800C2857D /* Profile */,
				933F1A5C1FA7D83B00C2857D /* Models */,
				933F1A5E1FA7D87900C2857D /* Utility */,
				1E484DEF1F85AB40000DEB04 /* Main.storyboard */,
				1E484DEB1F85AB40000DEB04 /* AppDelegate.swift */,
				1E484DF21F85AB40000DEB04 /* Assets.xcassets */,
				1E484DF41F85AB40000DEB04 /* LaunchScreen.storyboard */,
				1E484DF71F85AB40000DEB04 /* Info.plist */,
			);
			path = GitFit;
			sourceTree = "<group>";
		};
		1E484DFF1F85AB40000DEB04 /* GitFitTests */ = {
			isa = PBXGroup;
			children = (
				1E484E001F85AB40000DEB04 /* GitFitTests.swift */,
				1E484E021F85AB40000DEB04 /* Info.plist */,
			);
			path = GitFitTests;
			sourceTree = "<group>";
		};
		1E484E0A1F85AB40000DEB04 /* GitFitUITests */ = {
			isa = PBXGroup;
			children = (
				1E484E0B1F85AB40000DEB04 /* GitFitUITests.swift */,
				1E484E0D1F85AB40000DEB04 /* Info.plist */,
			);
			path = GitFitUITests;
			sourceTree = "<group>";
		};
		932C94F31FBB7C3400BF5BBD /* Create */ = {
			isa = PBXGroup;
			children = (
				932C94F41FBB7C5300BF5BBD /* Create.storyboard */,
				932C94F61FBB803C00BF5BBD /* CreateTableViewController.swift */,
				C6BAD5551FBB99F300AAE9AA /* NewExerciseViewController.swift */,
			);
			path = Create;
			sourceTree = "<group>";
		};
		933F1A591FA7D72800C2857D /* Profile */ = {
			isa = PBXGroup;
			children = (
				933F1A5A1FA7D74700C2857D /* Profile.storyboard */,
				C68336571F8C0B8200E6134D /* ProfileViewController.swift */,
				93358FDC1FA6823D0091278D /* EditProfileViewController.swift */,
				C6C9AC1C1FA928C800F3F762 /* ChangePasswordViewController.swift */,
			);
			path = Profile;
			sourceTree = "<group>";
		};
		933F1A5C1FA7D83B00C2857D /* Models */ = {
			isa = PBXGroup;
			children = (
				93B1648F1FAFEC18004DBDF8 /* RatingModel.swift */,
				C6F9BDD61F96A385001F5077 /* RegisterModel.swift */,
				C683365B1F8C122400E6134D /* LoginModel.swift */,
				C672F7E31FA92B75009FC588 /* ChangePasswordModel.swift */,
				93BDDE991FA963BF00D2FB68 /* WorkoutDescriptionModel.swift */,
				C64169091FAA7251006D847D /* ExerciseOrderModel.swift */,
				93E7F3471FB0E6CD00BDE950 /* FavoriteModel.swift */,
				93E631E11FBA7D4A00036BDA /* ImageModel.swift */,
				93898E1F1FBFF55E00CB6B0C /* CreateModel.swift */,
				93AF72B01FC0F165007EC1E2 /* CreatorModel.swift */,
				935045EC1FC3AFDE007B83B5 /* DataModel.swift */,
				93B02AA21FDA012E0073A4EF /* StatModel.swift */,
			);
			path = Models;
			sourceTree = "<group>";
		};
		933F1A5D1FA7D86100C2857D /* LoginRegister */ = {
			isa = PBXGroup;
			children = (
				1E484DED1F85AB40000DEB04 /* LoginViewController.swift */,
				C68336551F8C0B6F00E6134D /* RegisterViewController.swift */,
			);
			path = LoginRegister;
			sourceTree = "<group>";
		};
		933F1A5E1FA7D87900C2857D /* Utility */ = {
			isa = PBXGroup;
			children = (
				C683365D1F8C190500E6134D /* Profile.swift */,
				93BDDE971FA9616600D2FB68 /* WorkoutDescriptions.swift */,
				C64169071FAA6C3A006D847D /* ExerciseOrder.swift */,
				93F5A4811FAB8A0800704CE0 /* Globals.swift */,
				93A457C41FAC12C6003D9A61 /* FitTextField.swift */,
				9376D4DA1FBFDBFA00B68F3B /* FitPicker.swift */,
				93898E211FBFF69600CB6B0C /* Exercises.swift */,
			);
			path = Utility;
			sourceTree = "<group>";
		};
		93E7F3421FB0E48D00BDE950 /* Favorites */ = {
			isa = PBXGroup;
			children = (
				93E7F3431FB0E4B400BDE950 /* Favorites.storyboard */,
				93E7F3451FB0E57200BDE950 /* FavoritesTableViewController.swift */,
			);
			path = Favorites;
			sourceTree = "<group>";
		};
		93E7F3491FB13BAD00BDE950 /* Exercise */ = {
			isa = PBXGroup;
			children = (
				93E7F34A1FB13BD300BDE950 /* Exercise.storyboard */,
				C64169051FAA68E4006D847D /* ExercisesTableViewController.swift */,
				939286051FB94A470020EBB1 /* ExerciseViewController.swift */,
				93D8FFE11FCF48280013809A /* ExerciseProfileViewController.swift */,
			);
			path = Exercise;
			sourceTree = "<group>";
		};
		C6C9AC171FA91AAC00F3F762 /* WorkoutList */ = {
			isa = PBXGroup;
			children = (
				C6C9AC181FA91AC300F3F762 /* WorkoutList.storyboard */,
				935FCD6F1FA9740F00DECA6D /* WorkoutTableViewController.swift */,
			);
			path = WorkoutList;
			sourceTree = "<group>";
		};
/* End PBXGroup section */

/* Begin PBXNativeTarget section */
		1E484DE71F85AB40000DEB04 /* GitFit */ = {
			isa = PBXNativeTarget;
			buildConfigurationList = 1E484E101F85AB40000DEB04 /* Build configuration list for PBXNativeTarget "GitFit" */;
			buildPhases = (
				1E484DE41F85AB40000DEB04 /* Sources */,
				1E484DE51F85AB40000DEB04 /* Frameworks */,
				1E484DE61F85AB40000DEB04 /* Resources */,
			);
			buildRules = (
			);
			dependencies = (
			);
			name = GitFit;
			productName = GitFit;
			productReference = 1E484DE81F85AB40000DEB04 /* GitFit.app */;
			productType = "com.apple.product-type.application";
		};
		1E484DFB1F85AB40000DEB04 /* GitFitTests */ = {
			isa = PBXNativeTarget;
			buildConfigurationList = 1E484E131F85AB40000DEB04 /* Build configuration list for PBXNativeTarget "GitFitTests" */;
			buildPhases = (
				1E484DF81F85AB40000DEB04 /* Sources */,
				1E484DF91F85AB40000DEB04 /* Frameworks */,
				1E484DFA1F85AB40000DEB04 /* Resources */,
			);
			buildRules = (
			);
			dependencies = (
				1E484DFE1F85AB40000DEB04 /* PBXTargetDependency */,
			);
			name = GitFitTests;
			productName = GitFitTests;
			productReference = 1E484DFC1F85AB40000DEB04 /* GitFitTests.xctest */;
			productType = "com.apple.product-type.bundle.unit-test";
		};
		1E484E061F85AB40000DEB04 /* GitFitUITests */ = {
			isa = PBXNativeTarget;
			buildConfigurationList = 1E484E161F85AB40000DEB04 /* Build configuration list for PBXNativeTarget "GitFitUITests" */;
			buildPhases = (
				1E484E031F85AB40000DEB04 /* Sources */,
				1E484E041F85AB40000DEB04 /* Frameworks */,
				1E484E051F85AB40000DEB04 /* Resources */,
			);
			buildRules = (
			);
			dependencies = (
				1E484E091F85AB40000DEB04 /* PBXTargetDependency */,
			);
			name = GitFitUITests;
			productName = GitFitUITests;
			productReference = 1E484E071F85AB40000DEB04 /* GitFitUITests.xctest */;
			productType = "com.apple.product-type.bundle.ui-testing";
		};
/* End PBXNativeTarget section */

/* Begin PBXProject section */
		1E484DE01F85AB40000DEB04 /* Project object */ = {
			isa = PBXProject;
			attributes = {
				LastSwiftUpdateCheck = 0900;
				LastUpgradeCheck = 0900;
				ORGANIZATIONNAME = Team3;
				TargetAttributes = {
					1E484DE71F85AB40000DEB04 = {
						CreatedOnToolsVersion = 9.0;
						ProvisioningStyle = Automatic;
					};
					1E484DFB1F85AB40000DEB04 = {
						CreatedOnToolsVersion = 9.0;
						ProvisioningStyle = Automatic;
						TestTargetID = 1E484DE71F85AB40000DEB04;
					};
					1E484E061F85AB40000DEB04 = {
						CreatedOnToolsVersion = 9.0;
						ProvisioningStyle = Automatic;
						TestTargetID = 1E484DE71F85AB40000DEB04;
					};
				};
			};
			buildConfigurationList = 1E484DE31F85AB40000DEB04 /* Build configuration list for PBXProject "GitFit" */;
			compatibilityVersion = "Xcode 8.0";
			developmentRegion = en;
			hasScannedForEncodings = 0;
			knownRegions = (
				en,
				Base,
			);
			mainGroup = 1E484DDF1F85AB40000DEB04;
			productRefGroup = 1E484DE91F85AB40000DEB04 /* Products */;
			projectDirPath = "";
			projectRoot = "";
			targets = (
				1E484DE71F85AB40000DEB04 /* GitFit */,
				1E484DFB1F85AB40000DEB04 /* GitFitTests */,
				1E484E061F85AB40000DEB04 /* GitFitUITests */,
			);
		};
/* End PBXProject section */

/* Begin PBXResourcesBuildPhase section */
		1E484DE61F85AB40000DEB04 /* Resources */ = {
			isa = PBXResourcesBuildPhase;
			buildActionMask = 2147483647;
			files = (
				1E484DF61F85AB40000DEB04 /* LaunchScreen.storyboard in Resources */,
				1E484DF31F85AB40000DEB04 /* Assets.xcassets in Resources */,
				93E7F3441FB0E4B400BDE950 /* Favorites.storyboard in Resources */,
				1722272E1FCF5C710027C22E /* Explore.storyboard in Resources */,
				93E7F34B1FB13BD300BDE950 /* Exercise.storyboard in Resources */,
				932C94F51FBB7C5300BF5BBD /* Create.storyboard in Resources */,
				933F1A5B1FA7D74700C2857D /* Profile.storyboard in Resources */,
				C6C9AC191FA91AC300F3F762 /* WorkoutList.storyboard in Resources */,
				1E484DF11F85AB40000DEB04 /* Main.storyboard in Resources */,
			);
			runOnlyForDeploymentPostprocessing = 0;
		};
		1E484DFA1F85AB40000DEB04 /* Resources */ = {
			isa = PBXResourcesBuildPhase;
			buildActionMask = 2147483647;
			files = (
			);
			runOnlyForDeploymentPostprocessing = 0;
		};
		1E484E051F85AB40000DEB04 /* Resources */ = {
			isa = PBXResourcesBuildPhase;
			buildActionMask = 2147483647;
			files = (
			);
			runOnlyForDeploymentPostprocessing = 0;
		};
/* End PBXResourcesBuildPhase section */

/* Begin PBXSourcesBuildPhase section */
		1E484DE41F85AB40000DEB04 /* Sources */ = {
			isa = PBXSourcesBuildPhase;
			buildActionMask = 2147483647;
			files = (
				C672F7E41FA92B75009FC588 /* ChangePasswordModel.swift in Sources */,
				93B02AA31FDA012E0073A4EF /* StatModel.swift in Sources */,
				93358FDD1FA6823D0091278D /* EditProfileViewController.swift in Sources */,
				939286061FB94A470020EBB1 /* ExerciseViewController.swift in Sources */,
				93AF72B11FC0F165007EC1E2 /* CreatorModel.swift in Sources */,
				C683365C1F8C122400E6134D /* LoginModel.swift in Sources */,
				935045ED1FC3AFDE007B83B5 /* DataModel.swift in Sources */,
				93E7F3481FB0E6CD00BDE950 /* FavoriteModel.swift in Sources */,
				93E7F3461FB0E57200BDE950 /* FavoritesTableViewController.swift in Sources */,
				C64169061FAA68E4006D847D /* ExercisesTableViewController.swift in Sources */,
				9376D4DB1FBFDBFA00B68F3B /* FitPicker.swift in Sources */,
				C6F9BDD71F96A385001F5077 /* RegisterModel.swift in Sources */,
				C6BAD5561FBB99F300AAE9AA /* NewExerciseViewController.swift in Sources */,
				C6C9AC1D1FA928C800F3F762 /* ChangePasswordViewController.swift in Sources */,
				C683365E1F8C190500E6134D /* Profile.swift in Sources */,
				C68336561F8C0B6F00E6134D /* RegisterViewController.swift in Sources */,
				C641690A1FAA7251006D847D /* ExerciseOrderModel.swift in Sources */,
				93E631E21FBA7D4A00036BDA /* ImageModel.swift in Sources */,
				932C94F71FBB803C00BF5BBD /* CreateTableViewController.swift in Sources */,
				1E484DEE1F85AB40000DEB04 /* LoginViewController.swift in Sources */,
				93898E221FBFF69600CB6B0C /* Exercises.swift in Sources */,
				172227301FCF6DF30027C22E /* ExploreViewController.swift in Sources */,
				93BDDE9A1FA963BF00D2FB68 /* WorkoutDescriptionModel.swift in Sources */,
				C68336581F8C0B8200E6134D /* ProfileViewController.swift in Sources */,
				93D8FFE21FCF48280013809A /* ExerciseProfileViewController.swift in Sources */,
				93BDDE981FA9616600D2FB68 /* WorkoutDescriptions.swift in Sources */,
				93898E201FBFF55E00CB6B0C /* CreateModel.swift in Sources */,
				93A457C51FAC12C6003D9A61 /* FitTextField.swift in Sources */,
				1E484DEC1F85AB40000DEB04 /* AppDelegate.swift in Sources */,
				C64169081FAA6C3A006D847D /* ExerciseOrder.swift in Sources */,
				93F5A4821FAB8A0800704CE0 /* Globals.swift in Sources */,
				93B164901FAFEC18004DBDF8 /* RatingModel.swift in Sources */,
				935FCD701FA9740F00DECA6D /* WorkoutTableViewController.swift in Sources */,
			);
			runOnlyForDeploymentPostprocessing = 0;
		};
		1E484DF81F85AB40000DEB04 /* Sources */ = {
			isa = PBXSourcesBuildPhase;
			buildActionMask = 2147483647;
			files = (
				1E484E011F85AB40000DEB04 /* GitFitTests.swift in Sources */,
			);
			runOnlyForDeploymentPostprocessing = 0;
		};
		1E484E031F85AB40000DEB04 /* Sources */ = {
			isa = PBXSourcesBuildPhase;
			buildActionMask = 2147483647;
			files = (
				1E484E0C1F85AB40000DEB04 /* GitFitUITests.swift in Sources */,
			);
			runOnlyForDeploymentPostprocessing = 0;
		};
/* End PBXSourcesBuildPhase section */

/* Begin PBXTargetDependency section */
		1E484DFE1F85AB40000DEB04 /* PBXTargetDependency */ = {
			isa = PBXTargetDependency;
			target = 1E484DE71F85AB40000DEB04 /* GitFit */;
			targetProxy = 1E484DFD1F85AB40000DEB04 /* PBXContainerItemProxy */;
		};
		1E484E091F85AB40000DEB04 /* PBXTargetDependency */ = {
			isa = PBXTargetDependency;
			target = 1E484DE71F85AB40000DEB04 /* GitFit */;
			targetProxy = 1E484E081F85AB40000DEB04 /* PBXContainerItemProxy */;
		};
/* End PBXTargetDependency section */

/* Begin PBXVariantGroup section */
		1E484DEF1F85AB40000DEB04 /* Main.storyboard */ = {
			isa = PBXVariantGroup;
			children = (
				1E484DF01F85AB40000DEB04 /* Base */,
			);
			name = Main.storyboard;
			sourceTree = "<group>";
		};
		1E484DF41F85AB40000DEB04 /* LaunchScreen.storyboard */ = {
			isa = PBXVariantGroup;
			children = (
				1E484DF51F85AB40000DEB04 /* Base */,
			);
			name = LaunchScreen.storyboard;
			sourceTree = "<group>";
		};
/* End PBXVariantGroup section */

/* Begin XCBuildConfiguration section */
		1E484E0E1F85AB40000DEB04 /* Debug */ = {
			isa = XCBuildConfiguration;
			buildSettings = {
				ALWAYS_SEARCH_USER_PATHS = NO;
				CLANG_ANALYZER_NONNULL = YES;
				CLANG_ANALYZER_NUMBER_OBJECT_CONVERSION = YES_AGGRESSIVE;
				CLANG_CXX_LANGUAGE_STANDARD = "gnu++14";
				CLANG_CXX_LIBRARY = "libc++";
				CLANG_ENABLE_MODULES = YES;
				CLANG_ENABLE_OBJC_ARC = YES;
				CLANG_WARN_BLOCK_CAPTURE_AUTORELEASING = YES;
				CLANG_WARN_BOOL_CONVERSION = YES;
				CLANG_WARN_COMMA = YES;
				CLANG_WARN_CONSTANT_CONVERSION = YES;
				CLANG_WARN_DIRECT_OBJC_ISA_USAGE = YES_ERROR;
				CLANG_WARN_DOCUMENTATION_COMMENTS = YES;
				CLANG_WARN_EMPTY_BODY = YES;
				CLANG_WARN_ENUM_CONVERSION = YES;
				CLANG_WARN_INFINITE_RECURSION = YES;
				CLANG_WARN_INT_CONVERSION = YES;
				CLANG_WARN_NON_LITERAL_NULL_CONVERSION = YES;
				CLANG_WARN_OBJC_LITERAL_CONVERSION = YES;
				CLANG_WARN_OBJC_ROOT_CLASS = YES_ERROR;
				CLANG_WARN_RANGE_LOOP_ANALYSIS = YES;
				CLANG_WARN_STRICT_PROTOTYPES = YES;
				CLANG_WARN_SUSPICIOUS_MOVE = YES;
				CLANG_WARN_UNGUARDED_AVAILABILITY = YES_AGGRESSIVE;
				CLANG_WARN_UNREACHABLE_CODE = YES;
				CLANG_WARN__DUPLICATE_METHOD_MATCH = YES;
				CODE_SIGN_IDENTITY = "iPhone Developer";
				COPY_PHASE_STRIP = NO;
				DEBUG_INFORMATION_FORMAT = dwarf;
				ENABLE_STRICT_OBJC_MSGSEND = YES;
				ENABLE_TESTABILITY = YES;
				GCC_C_LANGUAGE_STANDARD = gnu11;
				GCC_DYNAMIC_NO_PIC = NO;
				GCC_NO_COMMON_BLOCKS = YES;
				GCC_OPTIMIZATION_LEVEL = 0;
				GCC_PREPROCESSOR_DEFINITIONS = (
					"DEBUG=1",
					"$(inherited)",
				);
				GCC_WARN_64_TO_32_BIT_CONVERSION = YES;
				GCC_WARN_ABOUT_RETURN_TYPE = YES_ERROR;
				GCC_WARN_UNDECLARED_SELECTOR = YES;
				GCC_WARN_UNINITIALIZED_AUTOS = YES_AGGRESSIVE;
				GCC_WARN_UNUSED_FUNCTION = YES;
				GCC_WARN_UNUSED_VARIABLE = YES;
				IPHONEOS_DEPLOYMENT_TARGET = 11.0;
				MTL_ENABLE_DEBUG_INFO = YES;
				ONLY_ACTIVE_ARCH = YES;
				SDKROOT = iphoneos;
				SWIFT_ACTIVE_COMPILATION_CONDITIONS = DEBUG;
				SWIFT_OPTIMIZATION_LEVEL = "-Onone";
			};
			name = Debug;
		};
		1E484E0F1F85AB40000DEB04 /* Release */ = {
			isa = XCBuildConfiguration;
			buildSettings = {
				ALWAYS_SEARCH_USER_PATHS = NO;
				CLANG_ANALYZER_NONNULL = YES;
				CLANG_ANALYZER_NUMBER_OBJECT_CONVERSION = YES_AGGRESSIVE;
				CLANG_CXX_LANGUAGE_STANDARD = "gnu++14";
				CLANG_CXX_LIBRARY = "libc++";
				CLANG_ENABLE_MODULES = YES;
				CLANG_ENABLE_OBJC_ARC = YES;
				CLANG_WARN_BLOCK_CAPTURE_AUTORELEASING = YES;
				CLANG_WARN_BOOL_CONVERSION = YES;
				CLANG_WARN_COMMA = YES;
				CLANG_WARN_CONSTANT_CONVERSION = YES;
				CLANG_WARN_DIRECT_OBJC_ISA_USAGE = YES_ERROR;
				CLANG_WARN_DOCUMENTATION_COMMENTS = YES;
				CLANG_WARN_EMPTY_BODY = YES;
				CLANG_WARN_ENUM_CONVERSION = YES;
				CLANG_WARN_INFINITE_RECURSION = YES;
				CLANG_WARN_INT_CONVERSION = YES;
				CLANG_WARN_NON_LITERAL_NULL_CONVERSION = YES;
				CLANG_WARN_OBJC_LITERAL_CONVERSION = YES;
				CLANG_WARN_OBJC_ROOT_CLASS = YES_ERROR;
				CLANG_WARN_RANGE_LOOP_ANALYSIS = YES;
				CLANG_WARN_STRICT_PROTOTYPES = YES;
				CLANG_WARN_SUSPICIOUS_MOVE = YES;
				CLANG_WARN_UNGUARDED_AVAILABILITY = YES_AGGRESSIVE;
				CLANG_WARN_UNREACHABLE_CODE = YES;
				CLANG_WARN__DUPLICATE_METHOD_MATCH = YES;
				CODE_SIGN_IDENTITY = "iPhone Developer";
				COPY_PHASE_STRIP = NO;
				DEBUG_INFORMATION_FORMAT = "dwarf-with-dsym";
				ENABLE_NS_ASSERTIONS = NO;
				ENABLE_STRICT_OBJC_MSGSEND = YES;
				GCC_C_LANGUAGE_STANDARD = gnu11;
				GCC_NO_COMMON_BLOCKS = YES;
				GCC_WARN_64_TO_32_BIT_CONVERSION = YES;
				GCC_WARN_ABOUT_RETURN_TYPE = YES_ERROR;
				GCC_WARN_UNDECLARED_SELECTOR = YES;
				GCC_WARN_UNINITIALIZED_AUTOS = YES_AGGRESSIVE;
				GCC_WARN_UNUSED_FUNCTION = YES;
				GCC_WARN_UNUSED_VARIABLE = YES;
				IPHONEOS_DEPLOYMENT_TARGET = 11.0;
				MTL_ENABLE_DEBUG_INFO = NO;
				SDKROOT = iphoneos;
				SWIFT_OPTIMIZATION_LEVEL = "-Owholemodule";
				VALIDATE_PRODUCT = YES;
			};
			name = Release;
		};
		1E484E111F85AB40000DEB04 /* Debug */ = {
			isa = XCBuildConfiguration;
			buildSettings = {
				ASSETCATALOG_COMPILER_APPICON_NAME = "AppIcon-1";
				"CODE_SIGN_IDENTITY[sdk=iphoneos*]" = "iPhone Developer";
				CODE_SIGN_STYLE = Automatic;
				DEVELOPMENT_TEAM = ZWCU4C2TFP;
				INFOPLIST_FILE = GitFit/Info.plist;
				LD_RUNPATH_SEARCH_PATHS = "$(inherited) @executable_path/Frameworks";
				PRODUCT_BUNDLE_IDENTIFIER = tabs.GitFit;
				PRODUCT_NAME = "$(TARGET_NAME)";
				PROVISIONING_PROFILE_SPECIFIER = "";
				SWIFT_VERSION = 4.0;
				TARGETED_DEVICE_FAMILY = "1,2";
			};
			name = Debug;
		};
		1E484E121F85AB40000DEB04 /* Release */ = {
			isa = XCBuildConfiguration;
			buildSettings = {
				ASSETCATALOG_COMPILER_APPICON_NAME = "AppIcon-1";
				"CODE_SIGN_IDENTITY[sdk=iphoneos*]" = "iPhone Developer";
				CODE_SIGN_STYLE = Automatic;
				DEVELOPMENT_TEAM = ZWCU4C2TFP;
				INFOPLIST_FILE = GitFit/Info.plist;
				LD_RUNPATH_SEARCH_PATHS = "$(inherited) @executable_path/Frameworks";
				PRODUCT_BUNDLE_IDENTIFIER = tabs.GitFit;
				PRODUCT_NAME = "$(TARGET_NAME)";
				PROVISIONING_PROFILE_SPECIFIER = "";
				SWIFT_VERSION = 4.0;
				TARGETED_DEVICE_FAMILY = "1,2";
			};
			name = Release;
		};
		1E484E141F85AB40000DEB04 /* Debug */ = {
			isa = XCBuildConfiguration;
			buildSettings = {
				ALWAYS_EMBED_SWIFT_STANDARD_LIBRARIES = YES;
				BUNDLE_LOADER = "$(TEST_HOST)";
				CODE_SIGN_STYLE = Automatic;
				INFOPLIST_FILE = GitFitTests/Info.plist;
				LD_RUNPATH_SEARCH_PATHS = "$(inherited) @executable_path/Frameworks @loader_path/Frameworks";
				PRODUCT_BUNDLE_IDENTIFIER = tabs.GitFitTests;
				PRODUCT_NAME = "$(TARGET_NAME)";
				SWIFT_VERSION = 4.0;
				TARGETED_DEVICE_FAMILY = "1,2";
				TEST_HOST = "$(BUILT_PRODUCTS_DIR)/GitFit.app/GitFit";
			};
			name = Debug;
		};
		1E484E151F85AB40000DEB04 /* Release */ = {
			isa = XCBuildConfiguration;
			buildSettings = {
				ALWAYS_EMBED_SWIFT_STANDARD_LIBRARIES = YES;
				BUNDLE_LOADER = "$(TEST_HOST)";
				CODE_SIGN_STYLE = Automatic;
				INFOPLIST_FILE = GitFitTests/Info.plist;
				LD_RUNPATH_SEARCH_PATHS = "$(inherited) @executable_path/Frameworks @loader_path/Frameworks";
				PRODUCT_BUNDLE_IDENTIFIER = tabs.GitFitTests;
				PRODUCT_NAME = "$(TARGET_NAME)";
				SWIFT_VERSION = 4.0;
				TARGETED_DEVICE_FAMILY = "1,2";
				TEST_HOST = "$(BUILT_PRODUCTS_DIR)/GitFit.app/GitFit";
			};
			name = Release;
		};
		1E484E171F85AB40000DEB04 /* Debug */ = {
			isa = XCBuildConfiguration;
			buildSettings = {
				ALWAYS_EMBED_SWIFT_STANDARD_LIBRARIES = YES;
				CODE_SIGN_STYLE = Automatic;
				INFOPLIST_FILE = GitFitUITests/Info.plist;
				LD_RUNPATH_SEARCH_PATHS = "$(inherited) @executable_path/Frameworks @loader_path/Frameworks";
				PRODUCT_BUNDLE_IDENTIFIER = tabs.GitFitUITests;
				PRODUCT_NAME = "$(TARGET_NAME)";
				SWIFT_VERSION = 4.0;
				TARGETED_DEVICE_FAMILY = "1,2";
				TEST_TARGET_NAME = GitFit;
			};
			name = Debug;
		};
		1E484E181F85AB40000DEB04 /* Release */ = {
			isa = XCBuildConfiguration;
			buildSettings = {
				ALWAYS_EMBED_SWIFT_STANDARD_LIBRARIES = YES;
				CODE_SIGN_STYLE = Automatic;
				INFOPLIST_FILE = GitFitUITests/Info.plist;
				LD_RUNPATH_SEARCH_PATHS = "$(inherited) @executable_path/Frameworks @loader_path/Frameworks";
				PRODUCT_BUNDLE_IDENTIFIER = tabs.GitFitUITests;
				PRODUCT_NAME = "$(TARGET_NAME)";
				SWIFT_VERSION = 4.0;
				TARGETED_DEVICE_FAMILY = "1,2";
				TEST_TARGET_NAME = GitFit;
			};
			name = Release;
		};
/* End XCBuildConfiguration section */

/* Begin XCConfigurationList section */
		1E484DE31F85AB40000DEB04 /* Build configuration list for PBXProject "GitFit" */ = {
			isa = XCConfigurationList;
			buildConfigurations = (
				1E484E0E1F85AB40000DEB04 /* Debug */,
				1E484E0F1F85AB40000DEB04 /* Release */,
			);
			defaultConfigurationIsVisible = 0;
			defaultConfigurationName = Release;
		};
		1E484E101F85AB40000DEB04 /* Build configuration list for PBXNativeTarget "GitFit" */ = {
			isa = XCConfigurationList;
			buildConfigurations = (
				1E484E111F85AB40000DEB04 /* Debug */,
				1E484E121F85AB40000DEB04 /* Release */,
			);
			defaultConfigurationIsVisible = 0;
			defaultConfigurationName = Release;
		};
		1E484E131F85AB40000DEB04 /* Build configuration list for PBXNativeTarget "GitFitTests" */ = {
			isa = XCConfigurationList;
			buildConfigurations = (
				1E484E141F85AB40000DEB04 /* Debug */,
				1E484E151F85AB40000DEB04 /* Release */,
			);
			defaultConfigurationIsVisible = 0;
			defaultConfigurationName = Release;
		};
		1E484E161F85AB40000DEB04 /* Build configuration list for PBXNativeTarget "GitFitUITests" */ = {
			isa = XCConfigurationList;
			buildConfigurations = (
				1E484E171F85AB40000DEB04 /* Debug */,
				1E484E181F85AB40000DEB04 /* Release */,
			);
			defaultConfigurationIsVisible = 0;
			defaultConfigurationName = Release;
		};
/* End XCConfigurationList section */
	};
	rootObject = 1E484DE01F85AB40000DEB04 /* Project object */;
}
